
Microsoft Visual Studio Solution File, Format Version 12.00
# Visual Studio Version 17
VisualStudioVersion = 17.13.35931.197 d17.13
MinimumVisualStudioVersion = 10.0.40219.1
Project("{FAE04EC0-301F-11D3-BF4B-00C04F79EFBC}") = "ProductApi.Application", "ProductApi.Application\ProductApi.Application.csproj", "{4F3B134B-C071-4EE7-BE77-9B39165A5903}"
EndProject
Project("{FAE04EC0-301F-11D3-BF4B-00C04F79EFBC}") = "ProductApi.Domain", "ProductApi.Domain\ProductApi.Domain.csproj", "{055B9A49-DF62-4038-84B4-FF55819D2F10}"
EndProject
Project("{FAE04EC0-301F-11D3-BF4B-00C04F79EFBC}") = "ProductApi.Infrastructure", "ProductApi.Infrastructure\ProductApi.Infrastructure.csproj", "{458E52AB-3251-4935-84DE-501FEDC6F323}"
EndProject
Project("{FAE04EC0-301F-11D3-BF4B-00C04F79EFBC}") = "ProdcutApi.Presentation", "ProdcutApi.Presentation\ProdcutApi.Presentation.csproj", "{B284B1E4-2B69-4AFA-9043-43BF2F8DEAA8}"
EndProject
Project("{FAE04EC0-301F-11D3-BF4B-00C04F79EFBC}") = "eCommerceSharedLibrary", "..\eCommerceSharedLibrary\eCommerceSharedLibrary.csproj", "{74AD7CF4-922D-6A52-70A1-F1F4D765CB12}"
EndProject
Global
	GlobalSection(SolutionConfigurationPlatforms) = preSolution
		Debug|Any CPU = Debug|Any CPU
		Release|Any CPU = Release|Any CPU
	EndGlobalSection
	GlobalSection(ProjectConfigurationPlatforms) = postSolution
		{4F3B134B-C071-4EE7-BE77-9B39165A5903}.Debug|Any CPU.ActiveCfg = Debug|Any CPU
		{4F3B134B-C071-4EE7-BE77-9B39165A5903}.Debug|Any CPU.Build.0 = Debug|Any CPU
		{4F3B134B-C071-4EE7-BE77-9B39165A5903}.Release|Any CPU.ActiveCfg = Release|Any CPU
		{4F3B134B-C071-4EE7-BE77-9B39165A5903}.Release|Any CPU.Build.0 = Release|Any CPU
		{055B9A49-DF62-4038-84B4-FF55819D2F10}.Debug|Any CPU.ActiveCfg = Debug|Any CPU
		{055B9A49-DF62-4038-84B4-FF55819D2F10}.Debug|Any CPU.Build.0 = Debug|Any CPU
		{055B9A49-DF62-4038-84B4-FF55819D2F10}.Release|Any CPU.ActiveCfg = Release|Any CPU
		{055B9A49-DF62-4038-84B4-FF55819D2F10}.Release|Any CPU.Build.0 = Release|Any CPU
		{458E52AB-3251-4935-84DE-501FEDC6F323}.Debug|Any CPU.ActiveCfg = Debug|Any CPU
		{458E52AB-3251-4935-84DE-501FEDC6F323}.Debug|Any CPU.Build.0 = Debug|Any CPU
		{458E52AB-3251-4935-84DE-501FEDC6F323}.Release|Any CPU.ActiveCfg = Release|Any CPU
		{458E52AB-3251-4935-84DE-501FEDC6F323}.Release|Any CPU.Build.0 = Release|Any CPU
		{B284B1E4-2B69-4AFA-9043-43BF2F8DEAA8}.Debug|Any CPU.ActiveCfg = Debug|Any CPU
		{B284B1E4-2B69-4AFA-9043-43BF2F8DEAA8}.Debug|Any CPU.Build.0 = Debug|Any CPU
		{B284B1E4-2B69-4AFA-9043-43BF2F8DEAA8}.Release|Any CPU.ActiveCfg = Release|Any CPU
		{B284B1E4-2B69-4AFA-9043-43BF2F8DEAA8}.Release|Any CPU.Build.0 = Release|Any CPU
		{74AD7CF4-922D-6A52-70A1-F1F4D765CB12}.Debug|Any CPU.ActiveCfg = Debug|Any CPU
		{74AD7CF4-922D-6A52-70A1-F1F4D765CB12}.Debug|Any CPU.Build.0 = Debug|Any CPU
		{74AD7CF4-922D-6A52-70A1-F1F4D765CB12}.Release|Any CPU.ActiveCfg = Release|Any CPU
		{74AD7CF4-922D-6A52-70A1-F1F4D765CB12}.Release|Any CPU.Build.0 = Release|Any CPU
	EndGlobalSection
	GlobalSection(SolutionProperties) = preSolution
		HideSolutionNode = FALSE
	EndGlobalSection
	GlobalSection(ExtensibilityGlobals) = postSolution
		SolutionGuid = {91520A24-BDE4-4462-AAC8-3E0FCF698F57}
	EndGlobalSection
EndGlobal
